{
  "requires": true,
  "lockfileVersion": 1,
  "dependencies": {
    "libt": {
      "version": "0.0.5",
      "resolved": "https://registry.npmjs.org/libt/-/libt-0.0.5.tgz",
      "integrity": "sha512-h9+EC44lQN4TyQscUoAOj9yBPz1/CgHhoNFz4uiFP/8+DhpGLXOMfnShxrori7Nkc/KD8zxZTaj0NN/CRgxRSg=="
    },
    "vue-awesome": {
      "version": "3.5.4",
      "resolved": "https://registry.npmjs.org/vue-awesome/-/vue-awesome-3.5.4.tgz",
      "integrity": "sha512-RRuo08A6mFye2RyLVdnODH5kyLiHANMl9EzKXZXCeMrsP4SY3nyjkQnTGlgbbVOBQuaGBMrFp9HPOJYDaVNk/w=="
    },
    "vue-inputag": {
      "version": "0.0.3",
      "resolved": "https://registry.npmjs.org/vue-inputag/-/vue-inputag-0.0.3.tgz",
      "integrity": "sha512-cpIBu4gpEAB9Yjeoy4wqi69ZCjlyek1CilchYmviAiE7UzQu0DLVpmaMLcfWx7Y6HgtEhEuKM4otMCxO2HafkA==",
      "requires": {
        "libt": "0.0.3",
        "vue-select": "2.4.0"
      },
      "dependencies": {
        "libt": {
          "version": "0.0.3",
          "resolved": "https://registry.npmjs.org/libt/-/libt-0.0.3.tgz",
          "integrity": "sha512-MwjRRUjesOShzuHeVcfs+JrSnqW98GT6CjYTYF6cjgohlY9nINsh++7KAhVj+FUn/ngGbNzjPJireRe0aZ4ehw=="
        }
      }
    },
    "vue-limit": {
      "version": "0.0.3",
      "resolved": "https://registry.npmjs.org/vue-limit/-/vue-limit-0.0.3.tgz",
      "integrity": "sha512-OXhkUGXId4GYrjIl/xqb0jttgzOdawqzqmEfHcY/8ZMmXUXkZ8/o06vKMS2Ps5yEH5GjEIJZz/dEoAjMYoiIPw==",
      "requires": {
        "libt": "0.0.3"
      },
      "dependencies": {
        "libt": {
          "version": "0.0.3",
          "resolved": "https://registry.npmjs.org/libt/-/libt-0.0.3.tgz",
          "integrity": "sha512-MwjRRUjesOShzuHeVcfs+JrSnqW98GT6CjYTYF6cjgohlY9nINsh++7KAhVj+FUn/ngGbNzjPJireRe0aZ4ehw=="
        }
      }
    },
    "vue-over-body": {
      "version": "0.0.5",
      "resolved": "https://registry.npmjs.org/vue-over-body/-/vue-over-body-0.0.5.tgz",
      "integrity": "sha512-PZUeSz1Os4FoCL1wwkNo5nyR1Hd3ECg36A4KUnd4iXGwgqcNWQcflds6G6tCf32o98IR8F8v0ogY9pBFF5c57A=="
    },
    "vue-select": {
      "version": "2.4.0",
      "resolved": "https://registry.npmjs.org/vue-select/-/vue-select-2.4.0.tgz",
      "integrity": "sha512-WxQc7t65ht3YSwSgcSdHFU8cSOWKpvH6n1B/Z9ua44hMB2oVcy0Mieu4qjMPrYx3AQQ8Y8F+pfNIylRZ0t3IVA=="
    },
    "vue-tmx": {
      "version": "0.1.12",
      "resolved": "https://registry.npmjs.org/vue-tmx/-/vue-tmx-0.1.12.tgz",
      "integrity": "sha512-nUYB6fqxoPz9OQVnKCHJPXW2dNGnmapva8S1LOJtqnfq7d/NKKuK4ty2tZZWkdL7hzFd8v4QHIh1QsAjLo4oyA==",
      "requires": {
        "libt": "0.0.5",
        "vue-awesome": "^3.5.1",
        "vue-inputag": "0.0.3",
        "vue-limit": "0.0.3",
        "vue-transform": "0.0.9"
      }
    },
    "vue-transform": {
      "version": "0.0.9",
      "resolved": "https://registry.npmjs.org/vue-transform/-/vue-transform-0.0.9.tgz",
      "integrity": "sha512-lVGtcc4JgD+2Fg/BmxYxHL6+IbUuzCl84MqDp6EbL/fsaop2KCVyNXQ2z0Nmvzozwv6ldt6j4z6MOgU4rGFe4A==",
      "requires": {
        "libt": "0.0.5",
        "vue-awesome": "^3.5.1",
        "vue-inputag": "0.0.3",
        "vue-over-body": "0.0.5"
      }
    }
  }
}
